// !$*UTF8*$!
{
	archiveVersion = 1;
	classes = {
	};
	objectVersion = 46;
	objects = {

/* Begin PBXBuildFile section */
		4931BD281B6C5E1A005302EB /* AppDelegate.swift in Sources */ = {isa = PBXBuildFile; fileRef = 4931BD271B6C5E1A005302EB /* AppDelegate.swift */; };
		4931BD2A1B6C5E1A005302EB /* ViewController.swift in Sources */ = {isa = PBXBuildFile; fileRef = 4931BD291B6C5E1A005302EB /* ViewController.swift */; };
		4931BD2F1B6C5E1A005302EB /* Images.xcassets in Resources */ = {isa = PBXBuildFile; fileRef = 4931BD2E1B6C5E1A005302EB /* Images.xcassets */; };
		4931BD321B6C5E1A005302EB /* LaunchScreen.xib in Resources */ = {isa = PBXBuildFile; fileRef = 4931BD301B6C5E1A005302EB /* LaunchScreen.xib */; };
		4931BD3E1B6C5E1A005302EB /* Guess_The_Bible_BookTests.swift in Sources */ = {isa = PBXBuildFile; fileRef = 4931BD3D1B6C5E1A005302EB /* Guess_The_Bible_BookTests.swift */; };
		4931BD831B6C7FE2005302EB /* Main.storyboard in Resources */ = {isa = PBXBuildFile; fileRef = 4931BD811B6C7FE2005302EB /* Main.storyboard */; };
/* End PBXBuildFile section */

/* Begin PBXContainerItemProxy section */
		4931BD381B6C5E1A005302EB /* PBXContainerItemProxy */ = {
			isa = PBXContainerItemProxy;
			containerPortal = 4931BD1A1B6C5E1A005302EB /* Project object */;
			proxyType = 1;
			remoteGlobalIDString = 4931BD211B6C5E1A005302EB;
			remoteInfo = "Guess The Bible Book";
		};
/* End PBXContainerItemProxy section */

/* Begin PBXFileReference section */
		4931BD221B6C5E1A005302EB /* Guess The Bible Book.app */ = {isa = PBXFileReference; explicitFileType = wrapper.application; includeInIndex = 0; path = "Guess The Bible Book.app"; sourceTree = BUILT_PRODUCTS_DIR; };
		4931BD261B6C5E1A005302EB /* Info.plist */ = {isa = PBXFileReference; lastKnownFileType = text.plist.xml; path = Info.plist; sourceTree = "<group>"; };
		4931BD271B6C5E1A005302EB /* AppDelegate.swift */ = {isa = PBXFileReference; lastKnownFileType = sourcecode.swift; path = AppDelegate.swift; sourceTree = "<group>"; };
		4931BD291B6C5E1A005302EB /* ViewController.swift */ = {isa = PBXFileReference; lastKnownFileType = sourcecode.swift; path = ViewController.swift; sourceTree = "<group>"; };
		4931BD2E1B6C5E1A005302EB /* Images.xcassets */ = {isa = PBXFileReference; lastKnownFileType = folder.assetcatalog; path = Images.xcassets; sourceTree = "<group>"; };
		4931BD311B6C5E1A005302EB /* Base */ = {isa = PBXFileReference; lastKnownFileType = file.xib; name = Base; path = Base.lproj/LaunchScreen.xib; sourceTree = "<group>"; };
		4931BD371B6C5E1A005302EB /* Guess The Bible BookTests.xctest */ = {isa = PBXFileReference; explicitFileType = wrapper.cfbundle; includeInIndex = 0; path = "Guess The Bible BookTests.xctest"; sourceTree = BUILT_PRODUCTS_DIR; };
		4931BD3C1B6C5E1A005302EB /* Info.plist */ = {isa = PBXFileReference; lastKnownFileType = text.plist.xml; path = Info.plist; sourceTree = "<group>"; };
		4931BD3D1B6C5E1A005302EB /* Guess_The_Bible_BookTests.swift */ = {isa = PBXFileReference; lastKnownFileType = sourcecode.swift; path = Guess_The_Bible_BookTests.swift; sourceTree = "<group>"; };
		4931BD821B6C7FE2005302EB /* Base */ = {isa = PBXFileReference; lastKnownFileType = file.storyboard; name = Base; path = Base.lproj/Main.storyboard; sourceTree = "<group>"; };
/* End PBXFileReference section */

/* Begin PBXFrameworksBuildPhase section */
		4931BD1F1B6C5E1A005302EB /* Frameworks */ = {
			isa = PBXFrameworksBuildPhase;
			buildActionMask = 2147483647;
			files = (
			);
			runOnlyForDeploymentPostprocessing = 0;
		};
		4931BD341B6C5E1A005302EB /* Frameworks */ = {
			isa = PBXFrameworksBuildPhase;
			buildActionMask = 2147483647;
			files = (
			);
			runOnlyForDeploymentPostprocessing = 0;
		};
/* End PBXFrameworksBuildPhase section */

/* Begin PBXGroup section */
		4931BD191B6C5E1A005302EB = {
			isa = PBXGroup;
			children = (
				4931BD241B6C5E1A005302EB /* Guess The Bible Book */,
				4931BD3A1B6C5E1A005302EB /* Guess The Bible BookTests */,
				4931BD231B6C5E1A005302EB /* Products */,
			);
			sourceTree = "<group>";
		};
		4931BD231B6C5E1A005302EB /* Products */ = {
			isa = PBXGroup;
			children = (
				4931BD221B6C5E1A005302EB /* Guess The Bible Book.app */,
				4931BD371B6C5E1A005302EB /* Guess The Bible BookTests.xctest */,
			);
			name = Products;
			sourceTree = "<group>";
		};
		4931BD241B6C5E1A005302EB /* Guess The Bible Book */ = {
			isa = PBXGroup;
			children = (
				4931BD271B6C5E1A005302EB /* AppDelegate.swift */,
				4931BD291B6C5E1A005302EB /* ViewController.swift */,
				4931BD811B6C7FE2005302EB /* Main.storyboard */,
				4931BD2E1B6C5E1A005302EB /* Images.xcassets */,
				4931BD251B6C5E1A005302EB /* Supporting Files */,
			);
			path = "Guess The Bible Book";
			sourceTree = "<group>";
		};
		4931BD251B6C5E1A005302EB /* Supporting Files */ = {
			isa = PBXGroup;
			children = (
				4931BD301B6C5E1A005302EB /* LaunchScreen.xib */,
				4931BD261B6C5E1A005302EB /* Info.plist */,
			);
			name = "Supporting Files";
			sourceTree = "<group>";
		};
		4931BD3A1B6C5E1A005302EB /* Guess The Bible BookTests */ = {
			isa = PBXGroup;
			children = (
				4931BD3D1B6C5E1A005302EB /* Guess_The_Bible_BookTests.swift */,
				4931BD3B1B6C5E1A005302EB /* Supporting Files */,
			);
			path = "Guess The Bible BookTests";
			sourceTree = "<group>";
		};
		4931BD3B1B6C5E1A005302EB /* Supporting Files */ = {
			isa = PBXGroup;
			children = (
				4931BD3C1B6C5E1A005302EB /* Info.plist */,
			);
			name = "Supporting Files";
			sourceTree = "<group>";
		};
/* End PBXGroup section */

/* Begin PBXNativeTarget section */
		4931BD211B6C5E1A005302EB /* Guess The Bible Book */ = {
			isa = PBXNativeTarget;
			buildConfigurationList = 4931BD411B6C5E1A005302EB /* Build configuration list for PBXNativeTarget "Guess The Bible Book" */;
			buildPhases = (
				4931BD1E1B6C5E1A005302EB /* Sources */,
				4931BD1F1B6C5E1A005302EB /* Frameworks */,
				4931BD201B6C5E1A005302EB /* Resources */,
			);
			buildRules = (
			);
			dependencies = (
			);
			name = "Guess The Bible Book";
			productName = "Guess The Bible Book";
			productReference = 4931BD221B6C5E1A005302EB /* Guess The Bible Book.app */;
			productType = "com.apple.product-type.application";
		};
		4931BD361B6C5E1A005302EB /* Guess The Bible BookTests */ = {
			isa = PBXNativeTarget;
			buildConfigurationList = 4931BD441B6C5E1A005302EB /* Build configuration list for PBXNativeTarget "Guess The Bible BookTests" */;
			buildPhases = (
				4931BD331B6C5E1A005302EB /* Sources */,
				4931BD341B6C5E1A005302EB /* Frameworks */,
				4931BD351B6C5E1A005302EB /* Resources */,
			);
			buildRules = (
			);
			dependencies = (
				4931BD391B6C5E1A005302EB /* PBXTargetDependency */,
			);
			name = "Guess The Bible BookTests";
			productName = "Guess The Bible BookTests";
			productReference = 4931BD371B6C5E1A005302EB /* Guess The Bible BookTests.xctest */;
			productType = "com.apple.product-type.bundle.unit-test";
		};
/* End PBXNativeTarget section */

/* Begin PBXProject section */
		4931BD1A1B6C5E1A005302EB /* Project object */ = {
			isa = PBXProject;
			attributes = {
				LastUpgradeCheck = 0640;
				ORGANIZATIONNAME = "Far End Designs";
				TargetAttributes = {
					4931BD211B6C5E1A005302EB = {
						CreatedOnToolsVersion = 6.4;
						DevelopmentTeam = TRY43689T5;
					};
					4931BD361B6C5E1A005302EB = {
						CreatedOnToolsVersion = 6.4;
						TestTargetID = 4931BD211B6C5E1A005302EB;
					};
				};
			};
			buildConfigurationList = 4931BD1D1B6C5E1A005302EB /* Build configuration list for PBXProject "Guess The Bible Book" */;
			compatibilityVersion = "Xcode 3.2";
			developmentRegion = English;
			hasScannedForEncodings = 0;
			knownRegions = (
				en,
				Base,
			);
			mainGroup = 4931BD191B6C5E1A005302EB;
			productRefGroup = 4931BD231B6C5E1A005302EB /* Products */;
			projectDirPath = "";
			projectRoot = "";
			targets = (
				4931BD211B6C5E1A005302EB /* Guess The Bible Book */,
				4931BD361B6C5E1A005302EB /* Guess The Bible BookTests */,
			);
		};
/* End PBXProject section */

/* Begin PBXResourcesBuildPhase section */
		4931BD201B6C5E1A005302EB /* Resources */ = {
			isa = PBXResourcesBuildPhase;
			buildActionMask = 2147483647;
			files = (
				4931BD831B6C7FE2005302EB /* Main.storyboard in Resources */,
				4931BD321B6C5E1A005302EB /* LaunchScreen.xib in Resources */,
				4931BD2F1B6C5E1A005302EB /* Images.xcassets in Resources */,
			);
			runOnlyForDeploymentPostprocessing = 0;
		};
		4931BD351B6C5E1A005302EB /* Resources */ = {
			isa = PBXResourcesBuildPhase;
			buildActionMask = 2147483647;
			files = (
			);
			runOnlyForDeploymentPostprocessing = 0;
		};
/* End PBXResourcesBuildPhase section */

/* Begin PBXSourcesBuildPhase section */
		4931BD1E1B6C5E1A005302EB /* Sources */ = {
			isa = PBXSourcesBuildPhase;
			buildActionMask = 2147483647;
			files = (
				4931BD2A1B6C5E1A005302EB /* ViewController.swift in Sources */,
				4931BD281B6C5E1A005302EB /* AppDelegate.swift in Sources */,
			);
			runOnlyForDeploymentPostprocessing = 0;
		};
		4931BD331B6C5E1A005302EB /* Sources */ = {
			isa = PBXSourcesBuildPhase;
			buildActionMask = 2147483647;
			files = (
				4931BD3E1B6C5E1A005302EB /* Guess_The_Bible_BookTests.swift in Sources */,
			);
			runOnlyForDeploymentPostprocessing = 0;
		};
/* End PBXSourcesBuildPhase section */

/* Begin PBXTargetDependency section */
		4931BD391B6C5E1A005302EB /* PBXTargetDependency */ = {
			isa = PBXTargetDependency;
			target = 4931BD211B6C5E1A005302EB /* Guess The Bible Book */;
			targetProxy = 4931BD381B6C5E1A005302EB /* PBXContainerItemProxy */;
		};
/* End PBXTargetDependency section */

/* Begin PBXVariantGroup section */
		4931BD301B6C5E1A005302EB /* LaunchScreen.xib */ = {
			isa = PBXVariantGroup;
			children = (
				4931BD311B6C5E1A005302EB /* Base */,
			);
			name = LaunchScreen.xib;
			sourceTree = "<group>";
		};
		4931BD811B6C7FE2005302EB /* Main.storyboard */ = {
			isa = PBXVariantGroup;
			children = (
				4931BD821B6C7FE2005302EB /* Base */,
			);
			name = Main.storyboard;
			sourceTree = "<group>";
		};
/* End PBXVariantGroup section */

/* Begin XCBuildConfiguration section */
		4931BD3F1B6C5E1A005302EB /* Debug */ = {
			isa = XCBuildConfiguration;
			buildSettings = {
				ALWAYS_SEARCH_USER_PATHS = NO;
				CLANG_CXX_LANGUAGE_STANDARD = "gnu++0x";
				CLANG_CXX_LIBRARY = "libc++";
				CLANG_ENABLE_MODULES = YES;
				CLANG_ENABLE_OBJC_ARC = YES;
				CLANG_WARN_BOOL_CONVERSION = YES;
				CLANG_WARN_CONSTANT_CONVERSION = YES;
				CLANG_WARN_DIRECT_OBJC_ISA_USAGE = YES_ERROR;
				CLANG_WARN_EMPTY_BODY = YES;
				CLANG_WARN_ENUM_CONVERSION = YES;
				CLANG_WARN_INT_CONVERSION = YES;
				CLANG_WARN_OBJC_ROOT_CLASS = YES_ERROR;
				CLANG_WARN_UNREACHABLE_CODE = YES;
				CLANG_WARN__DUPLICATE_METHOD_MATCH = YES;
				"CODE_SIGN_IDENTITY[sdk=iphoneos*]" = "iPhone Developer";
				COPY_PHASE_STRIP = NO;
				DEBUG_INFORMATION_FORMAT = "dwarf-with-dsym";
				ENABLE_STRICT_OBJC_MSGSEND = YES;
				GCC_C_LANGUAGE_STANDARD = gnu99;
				GCC_DYNAMIC_NO_PIC = NO;
				GCC_NO_COMMON_BLOCKS = YES;
				GCC_OPTIMIZATION_LEVEL = 0;
				GCC_PREPROCESSOR_DEFINITIONS = (
					"DEBUG=1",
					"$(inherited)",
				);
				GCC_SYMBOLS_PRIVATE_EXTERN = NO;
				GCC_WARN_64_TO_32_BIT_CONVERSION = YES;
				GCC_WARN_ABOUT_RETURN_TYPE = YES_ERROR;
				GCC_WARN_UNDECLARED_SELECTOR = YES;
				GCC_WARN_UNINITIALIZED_AUTOS = YES_AGGRESSIVE;
				GCC_WARN_UNUSED_FUNCTION = YES;
				GCC_WARN_UNUSED_VARIABLE = YES;
				IPHONEOS_DEPLOYMENT_TARGET = 8.4;
				MTL_ENABLE_DEBUG_INFO = YES;
				ONLY_ACTIVE_ARCH = YES;
				SDKROOT = iphoneos;
				SWIFT_OPTIMIZATION_LEVEL = "-Onone";
				TARGETED_DEVICE_FAMILY = "1,2";
			};
			name = Debug;
		};
		4931BD401B6C5E1A005302EB /* Release */ = {
			isa = XCBuildConfiguration;
			buildSettings = {
				ALWAYS_SEARCH_USER_PATHS = NO;
				CLANG_CXX_LANGUAGE_STANDARD = "gnu++0x";
				CLANG_CXX_LIBRARY = "libc++";
				CLANG_ENABLE_MODULES = YES;
				CLANG_ENABLE_OBJC_ARC = YES;
				CLANG_WARN_BOOL_CONVERSION = YES;
				CLANG_WARN_CONSTANT_CONVERSION = YES;
				CLANG_WARN_DIRECT_OBJC_ISA_USAGE = YES_ERROR;
				CLANG_WARN_EMPTY_BODY = YES;
				CLANG_WARN_ENUM_CONVERSION = YES;
				CLANG_WARN_INT_CONVERSION = YES;
				CLANG_WARN_OBJC_ROOT_CLASS = YES_ERROR;
				CLANG_WARN_UNREACHABLE_CODE = YES;
				CLANG_WARN__DUPLICATE_METHOD_MATCH = YES;
				"CODE_SIGN_IDENTITY[sdk=iphoneos*]" = "iPhone Developer";
				COPY_PHASE_STRIP = NO;
				DEBUG_INFORMATION_FORMAT = "dwarf-with-dsym";
				ENABLE_NS_ASSERTIONS = NO;
				ENABLE_STRICT_OBJC_MSGSEND = YES;
				GCC_C_LANGUAGE_STANDARD = gnu99;
				GCC_NO_COMMON_BLOCKS = YES;
				GCC_WARN_64_TO_32_BIT_CONVERSION = YES;
				GCC_WARN_ABOUT_RETURN_TYPE = YES_ERROR;
				GCC_WARN_UNDECLARED_SELECTOR = YES;
				GCC_WARN_UNINITIALIZED_AUTOS = YES_AGGRESSIVE;
				GCC_WARN_UNUSED_FUNCTION = YES;
				GCC_WARN_UNUSED_VARIABLE = YES;
				IPHONEOS_DEPLOYMENT_TARGET = 8.4;
				MTL_ENABLE_DEBUG_INFO = NO;
				SDKROOT = iphoneos;
				TARGETED_DEVICE_FAMILY = "1,2";
				VALIDATE_PRODUCT = YES;
			};
			name = Release;
		};
		4931BD421B6C5E1A005302EB /* Debug */ = {
			isa = XCBuildConfiguration;
			buildSettings = {
				ASSETCATALOG_COMPILER_APPICON_NAME = AppIcon;
				CLANG_ENABLE_MODULES = YES;
				CODE_SIGN_IDENTITY = "iPhone Developer";
				INFOPLIST_FILE = "Guess The Bible Book/Info.plist";
				LD_RUNPATH_SEARCH_PATHS = "$(inherited) @executable_path/Frameworks";
				PRODUCT_NAME = "$(TARGET_NAME)";
				SWIFT_OPTIMIZATION_LEVEL = "-Onone";
			};
			name = Debug;
		};
		4931BD431B6C5E1A005302EB /* Release */ = {
			isa = XCBuildConfiguration;
			buildSettings = {
				ASSETCATALOG_COMPILER_APPICON_NAME = AppIcon;
				CLANG_ENABLE_MODULES = YES;
				CODE_SIGN_IDENTITY = "iPhone Developer";
				INFOPLIST_FILE = "Guess The Bible Book/Info.plist";
				LD_RUNPATH_SEARCH_PATHS = "$(inherited) @executable_path/Frameworks";
				PRODUCT_NAME = "$(TARGET_NAME)";
			};
			name = Release;
		};
		4931BD451B6C5E1A005302EB /* Debug */ = {
			isa = XCBuildConfiguration;
			buildSettings = {
				BUNDLE_LOADER = "$(TEST_HOST)";
				FRAMEWORK_SEARCH_PATHS = (
					"$(SDKROOT)/Developer/Library/Frameworks",
					"$(inherited)",
				);
				GCC_PREPROCESSOR_DEFINITIONS = (
					"DEBUG=1",
					"$(inherited)",
				);
				INFOPLIST_FILE = "Guess The Bible BookTests/Info.plist";
				LD_RUNPATH_SEARCH_PATHS = "$(inherited) @executable_path/Frameworks @loader_path/Frameworks";
				PRODUCT_NAME = "$(TARGET_NAME)";
				TEST_HOST = "$(BUILT_PRODUCTS_DIR)/Guess The Bible Book.app/Guess The Bible Book";
			};
			name = Debug;
		};
		4931BD461B6C5E1A005302EB /* Release */ = {
			isa = XCBuildConfiguration;
			buildSettings = {
				BUNDLE_LOADER = "$(TEST_HOST)";
				FRAMEWORK_SEARCH_PATHS = (
					"$(SDKROOT)/Developer/Library/Frameworks",
					"$(inherited)",
				);
				INFOPLIST_FILE = "Guess The Bible BookTests/Info.plist";
				LD_RUNPATH_SEARCH_PATHS = "$(inherited) @executable_path/Frameworks @loader_path/Frameworks";
				PRODUCT_NAME = "$(TARGET_NAME)";
				TEST_HOST = "$(BUILT_PRODUCTS_DIR)/Guess The Bible Book.app/Guess The Bible Book";
			};
			name = Release;
		};
/* End XCBuildConfiguration section */

/* Begin XCConfigurationList section */
		4931BD1D1B6C5E1A005302EB /* Build configuration list for PBXProject "Guess The Bible Book" */ = {
			isa = XCConfigurationList;
			buildConfigurations = (
				4931BD3F1B6C5E1A005302EB /* Debug */,
				4931BD401B6C5E1A005302EB /* Release */,
			);
			defaultConfigurationIsVisible = 0;
			defaultConfigurationName = Release;
		};
		4931BD411B6C5E1A005302EB /* Build configuration list for PBXNativeTarget "Guess The Bible Book" */ = {
			isa = XCConfigurationList;
			buildConfigurations = (
				4931BD421B6C5E1A005302EB /* Debug */,
				4931BD431B6C5E1A005302EB /* Release */,
			);
			defaultConfigurationIsVisible = 0;
			defaultConfigurationName = Release;
		};
		4931BD441B6C5E1A005302EB /* Build configuration list for PBXNativeTarget "Guess The Bible BookTests" */ = {
			isa = XCConfigurationList;
			buildConfigurations = (
				4931BD451B6C5E1A005302EB /* Debug */,
				4931BD461B6C5E1A005302EB /* Release */,
			);
			defaultConfigurationIsVisible = 0;
			defaultConfigurationName = Release;
		};
/* End XCConfigurationList section */
	};
	rootObject = 4931BD1A1B6C5E1A005302EB /* Project object */;
}
